
Microsoft Visual Studio Solution File, Format Version 12.00
# Visual Studio Version 17
VisualStudioVersion = 17.9.34511.98
MinimumVisualStudioVersion = 10.0.40219.1
Project("{FAE04EC0-301F-11D3-BF4B-00C04F79EFBC}") = "Turbine", "Turbine\Turbine.csproj", "{F5B38873-84AB-4D3E-80A1-01EAC3A15F9F}"
EndProject
Global
	GlobalSection(SolutionConfigurationPlatforms) = preSolution
		Debug|Any CPU = Debug|Any CPU
		Release|Any CPU = Release|Any CPU
	EndGlobalSection
	GlobalSection(ProjectConfigurationPlatforms) = postSolution
		{F5B38873-84AB-4D3E-80A1-01EAC3A15F9F}.Debug|Any CPU.ActiveCfg = Debug|Any CPU
		{F5B38873-84AB-4D3E-80A1-01EAC3A15F9F}.Debug|Any CPU.Build.0 = Debug|Any CPU
		{F5B38873-84AB-4D3E-80A1-01EAC3A15F9F}.Release|Any CPU.ActiveCfg = Release|Any CPU
		{F5B38873-84AB-4D3E-80A1-01EAC3A15F9F}.Release|Any CPU.Build.0 = Release|Any CPU
	EndGlobalSection
	GlobalSection(SolutionProperties) = preSolution
		HideSolutionNode = FALSE
	EndGlobalSection
	GlobalSection(ExtensibilityGlobals) = postSolution
		SolutionGuid = {CC16B307-FE88-4D8F-ACAF-0A3EB0306400}
	EndGlobalSection
EndGlobal
